
Microsoft Visual Studio Solution File, Format Version 11.00
# Visual Studio 2010
Project("{2150E333-8FDC-42A3-9474-1A3956D46DE8}") = "1.Projects", "1.Projects", "{9A0F94EB-224E-48FC-8019-D484C38C6934}"
EndProject
Project("{2150E333-8FDC-42A3-9474-1A3956D46DE8}") = "2.Test", "2.Test", "{131D299F-93FA-47E4-8A7C-EC7F7761C565}"
EndProject
Project("{FAE04EC0-301F-11D3-BF4B-00C04F79EFBC}") = "LightFramework.Data", "LightFramework.Data\LightFramework.Data.csproj", "{3882CDD7-B25E-4DAA-BB7E-0185F06E2022}"
EndProject
Project("{FAE04EC0-301F-11D3-BF4B-00C04F79EFBC}") = "LightFramework.Data.MySQL", "LightFramework.Data.MySQL\LightFramework.Data.MySQL.csproj", "{9FA1B8E6-816E-4171-B1C5-9EB7EED06CFF}"
EndProject
Project("{FAE04EC0-301F-11D3-BF4B-00C04F79EFBC}") = "LightFramework.Data.OleDb", "LightFramework.Data.OleDb\LightFramework.Data.OleDb.csproj", "{7D0F7C6C-AF63-410B-8656-C8ED56D99F8F}"
EndProject
Project("{FAE04EC0-301F-11D3-BF4B-00C04F79EFBC}") = "LightFramework.Data.Oracle", "LightFramework.Data.Oracle\LightFramework.Data.Oracle.csproj", "{7D71DCC0-6EC9-489B-9C54-A605F755CE85}"
EndProject
Project("{FAE04EC0-301F-11D3-BF4B-00C04F79EFBC}") = "LightFramework.Data.SQLServer", "LightFramework.Data.SQLServer\LightFramework.Data.SQLServer.csproj", "{41F72FB7-B9C3-4D84-BBB7-F0BD3D13AABA}"
EndProject
Project("{2150E333-8FDC-42A3-9474-1A3956D46DE8}") = "1.1 Data", "1.1 Data", "{F8934280-CD17-4FE6-8609-4AED63371906}"
EndProject
Project("{2150E333-8FDC-42A3-9474-1A3956D46DE8}") = "1.2 Cache", "1.2 Cache", "{4ADE0211-E569-4EE3-8F0D-59D137B922C2}"
EndProject
Project("{2150E333-8FDC-42A3-9474-1A3956D46DE8}") = "1.3 Web", "1.3 Web", "{5D4A76F8-5898-41E0-B07F-4A49B61FF4D1}"
EndProject
Project("{2150E333-8FDC-42A3-9474-1A3956D46DE8}") = "1.4 Core", "1.4 Core", "{E081E669-B8B0-4B24-BD13-0F64F556AD05}"
EndProject
Project("{2150E333-8FDC-42A3-9474-1A3956D46DE8}") = "1.5 Tracing", "1.5 Tracing", "{91A900FE-40FF-4F78-B82E-801035EEC96D}"
EndProject
Project("{2150E333-8FDC-42A3-9474-1A3956D46DE8}") = "1.6 Utils", "1.6 Utils", "{7F652674-F6C7-449D-8AEF-CD5049877046}"
EndProject
Project("{FAE04EC0-301F-11D3-BF4B-00C04F79EFBC}") = "LightFramework.Caching", "LightFramework.Caching\LightFramework.Caching.csproj", "{1AD30BE7-7F29-4509-ADCF-17D02E2C8E3A}"
EndProject
Project("{FAE04EC0-301F-11D3-BF4B-00C04F79EFBC}") = "LightFramework.Web", "LightFramework.Web\LightFramework.Web.csproj", "{933E5FA7-73F7-4CCE-8B8C-D94EFDAB8B85}"
EndProject
Project("{FAE04EC0-301F-11D3-BF4B-00C04F79EFBC}") = "LightFramework.Core", "LightFramework.Core\LightFramework.Core.csproj", "{290AC7F6-3F12-4904-8229-D5F6E468293F}"
EndProject
Project("{FAE04EC0-301F-11D3-BF4B-00C04F79EFBC}") = "LightFramework.Tracing", "LightFramework.Tracing\LightFramework.Tracing.csproj", "{D1041F00-F3F0-4643-A93F-BBAC8AB18559}"
EndProject
Project("{FAE04EC0-301F-11D3-BF4B-00C04F79EFBC}") = "LightFramework.Console.Test", "LightFramework.Console.Test\LightFramework.Console.Test.csproj", "{DDAC3BF2-DC01-4986-8A27-4642DB4E1152}"
EndProject
Project("{FAE04EC0-301F-11D3-BF4B-00C04F79EFBC}") = "LightFramework.Utils", "LightFramework.Utils\LightFramework.Utils.csproj", "{2E79CFB4-7D47-4BE4-B9F3-C0E7A58FA1D8}"
EndProject
Project("{FAE04EC0-301F-11D3-BF4B-00C04F79EFBC}") = "LightFramework.Data.Test", "LightFramework.Data.Test\LightFramework.Data.Test.csproj", "{5FF5A015-0DBD-45A1-B37D-99C822953F75}"
EndProject
Project("{FAE04EC0-301F-11D3-BF4B-00C04F79EFBC}") = "LightFrameowrk.Tracing.Test", "LightFrameowrk.Tracing.Test\LightFrameowrk.Tracing.Test.csproj", "{392626D0-23F8-468E-AE31-8C7AE8BF904D}"
EndProject
Project("{FAE04EC0-301F-11D3-BF4B-00C04F79EFBC}") = "LightFramework.Data.MySQL.Test", "LightFramework.Data.MySQL.Test\LightFramework.Data.MySQL.Test.csproj", "{C0F355FC-B779-4825-86F3-036E0408741A}"
EndProject
Global
	GlobalSection(SolutionConfigurationPlatforms) = preSolution
		Debug|Any CPU = Debug|Any CPU
		Debug|Mixed Platforms = Debug|Mixed Platforms
		Debug|x86 = Debug|x86
		Release|Any CPU = Release|Any CPU
		Release|Mixed Platforms = Release|Mixed Platforms
		Release|x86 = Release|x86
	EndGlobalSection
	GlobalSection(ProjectConfigurationPlatforms) = postSolution
		{3882CDD7-B25E-4DAA-BB7E-0185F06E2022}.Debug|Any CPU.ActiveCfg = Debug|Any CPU
		{3882CDD7-B25E-4DAA-BB7E-0185F06E2022}.Debug|Any CPU.Build.0 = Debug|Any CPU
		{3882CDD7-B25E-4DAA-BB7E-0185F06E2022}.Debug|Mixed Platforms.ActiveCfg = Debug|Any CPU
		{3882CDD7-B25E-4DAA-BB7E-0185F06E2022}.Debug|Mixed Platforms.Build.0 = Debug|Any CPU
		{3882CDD7-B25E-4DAA-BB7E-0185F06E2022}.Debug|x86.ActiveCfg = Debug|Any CPU
		{3882CDD7-B25E-4DAA-BB7E-0185F06E2022}.Release|Any CPU.ActiveCfg = Release|Any CPU
		{3882CDD7-B25E-4DAA-BB7E-0185F06E2022}.Release|Any CPU.Build.0 = Release|Any CPU
		{3882CDD7-B25E-4DAA-BB7E-0185F06E2022}.Release|Mixed Platforms.ActiveCfg = Release|Any CPU
		{3882CDD7-B25E-4DAA-BB7E-0185F06E2022}.Release|Mixed Platforms.Build.0 = Release|Any CPU
		{3882CDD7-B25E-4DAA-BB7E-0185F06E2022}.Release|x86.ActiveCfg = Release|Any CPU
		{9FA1B8E6-816E-4171-B1C5-9EB7EED06CFF}.Debug|Any CPU.ActiveCfg = Debug|Any CPU
		{9FA1B8E6-816E-4171-B1C5-9EB7EED06CFF}.Debug|Any CPU.Build.0 = Debug|Any CPU
		{9FA1B8E6-816E-4171-B1C5-9EB7EED06CFF}.Debug|Mixed Platforms.ActiveCfg = Debug|Any CPU
		{9FA1B8E6-816E-4171-B1C5-9EB7EED06CFF}.Debug|Mixed Platforms.Build.0 = Debug|Any CPU
		{9FA1B8E6-816E-4171-B1C5-9EB7EED06CFF}.Debug|x86.ActiveCfg = Debug|Any CPU
		{9FA1B8E6-816E-4171-B1C5-9EB7EED06CFF}.Release|Any CPU.ActiveCfg = Release|Any CPU
		{9FA1B8E6-816E-4171-B1C5-9EB7EED06CFF}.Release|Any CPU.Build.0 = Release|Any CPU
		{9FA1B8E6-816E-4171-B1C5-9EB7EED06CFF}.Release|Mixed Platforms.ActiveCfg = Release|Any CPU
		{9FA1B8E6-816E-4171-B1C5-9EB7EED06CFF}.Release|Mixed Platforms.Build.0 = Release|Any CPU
		{9FA1B8E6-816E-4171-B1C5-9EB7EED06CFF}.Release|x86.ActiveCfg = Release|Any CPU
		{7D0F7C6C-AF63-410B-8656-C8ED56D99F8F}.Debug|Any CPU.ActiveCfg = Debug|Any CPU
		{7D0F7C6C-AF63-410B-8656-C8ED56D99F8F}.Debug|Any CPU.Build.0 = Debug|Any CPU
		{7D0F7C6C-AF63-410B-8656-C8ED56D99F8F}.Debug|Mixed Platforms.ActiveCfg = Debug|Any CPU
		{7D0F7C6C-AF63-410B-8656-C8ED56D99F8F}.Debug|Mixed Platforms.Build.0 = Debug|Any CPU
		{7D0F7C6C-AF63-410B-8656-C8ED56D99F8F}.Debug|x86.ActiveCfg = Debug|Any CPU
		{7D0F7C6C-AF63-410B-8656-C8ED56D99F8F}.Release|Any CPU.ActiveCfg = Release|Any CPU
		{7D0F7C6C-AF63-410B-8656-C8ED56D99F8F}.Release|Any CPU.Build.0 = Release|Any CPU
		{7D0F7C6C-AF63-410B-8656-C8ED56D99F8F}.Release|Mixed Platforms.ActiveCfg = Release|Any CPU
		{7D0F7C6C-AF63-410B-8656-C8ED56D99F8F}.Release|Mixed Platforms.Build.0 = Release|Any CPU
		{7D0F7C6C-AF63-410B-8656-C8ED56D99F8F}.Release|x86.ActiveCfg = Release|Any CPU
		{7D71DCC0-6EC9-489B-9C54-A605F755CE85}.Debug|Any CPU.ActiveCfg = Debug|Any CPU
		{7D71DCC0-6EC9-489B-9C54-A605F755CE85}.Debug|Any CPU.Build.0 = Debug|Any CPU
		{7D71DCC0-6EC9-489B-9C54-A605F755CE85}.Debug|Mixed Platforms.ActiveCfg = Debug|Any CPU
		{7D71DCC0-6EC9-489B-9C54-A605F755CE85}.Debug|Mixed Platforms.Build.0 = Debug|Any CPU
		{7D71DCC0-6EC9-489B-9C54-A605F755CE85}.Debug|x86.ActiveCfg = Debug|Any CPU
		{7D71DCC0-6EC9-489B-9C54-A605F755CE85}.Release|Any CPU.ActiveCfg = Release|Any CPU
		{7D71DCC0-6EC9-489B-9C54-A605F755CE85}.Release|Any CPU.Build.0 = Release|Any CPU
		{7D71DCC0-6EC9-489B-9C54-A605F755CE85}.Release|Mixed Platforms.ActiveCfg = Release|Any CPU
		{7D71DCC0-6EC9-489B-9C54-A605F755CE85}.Release|Mixed Platforms.Build.0 = Release|Any CPU
		{7D71DCC0-6EC9-489B-9C54-A605F755CE85}.Release|x86.ActiveCfg = Release|Any CPU
		{41F72FB7-B9C3-4D84-BBB7-F0BD3D13AABA}.Debug|Any CPU.ActiveCfg = Debug|Any CPU
		{41F72FB7-B9C3-4D84-BBB7-F0BD3D13AABA}.Debug|Any CPU.Build.0 = Debug|Any CPU
		{41F72FB7-B9C3-4D84-BBB7-F0BD3D13AABA}.Debug|Mixed Platforms.ActiveCfg = Debug|Any CPU
		{41F72FB7-B9C3-4D84-BBB7-F0BD3D13AABA}.Debug|Mixed Platforms.Build.0 = Debug|Any CPU
		{41F72FB7-B9C3-4D84-BBB7-F0BD3D13AABA}.Debug|x86.ActiveCfg = Debug|Any CPU
		{41F72FB7-B9C3-4D84-BBB7-F0BD3D13AABA}.Release|Any CPU.ActiveCfg = Release|Any CPU
		{41F72FB7-B9C3-4D84-BBB7-F0BD3D13AABA}.Release|Any CPU.Build.0 = Release|Any CPU
		{41F72FB7-B9C3-4D84-BBB7-F0BD3D13AABA}.Release|Mixed Platforms.ActiveCfg = Release|Any CPU
		{41F72FB7-B9C3-4D84-BBB7-F0BD3D13AABA}.Release|Mixed Platforms.Build.0 = Release|Any CPU
		{41F72FB7-B9C3-4D84-BBB7-F0BD3D13AABA}.Release|x86.ActiveCfg = Release|Any CPU
		{1AD30BE7-7F29-4509-ADCF-17D02E2C8E3A}.Debug|Any CPU.ActiveCfg = Debug|Any CPU
		{1AD30BE7-7F29-4509-ADCF-17D02E2C8E3A}.Debug|Any CPU.Build.0 = Debug|Any CPU
		{1AD30BE7-7F29-4509-ADCF-17D02E2C8E3A}.Debug|Mixed Platforms.ActiveCfg = Debug|Any CPU
		{1AD30BE7-7F29-4509-ADCF-17D02E2C8E3A}.Debug|Mixed Platforms.Build.0 = Debug|Any CPU
		{1AD30BE7-7F29-4509-ADCF-17D02E2C8E3A}.Debug|x86.ActiveCfg = Debug|Any CPU
		{1AD30BE7-7F29-4509-ADCF-17D02E2C8E3A}.Release|Any CPU.ActiveCfg = Release|Any CPU
		{1AD30BE7-7F29-4509-ADCF-17D02E2C8E3A}.Release|Any CPU.Build.0 = Release|Any CPU
		{1AD30BE7-7F29-4509-ADCF-17D02E2C8E3A}.Release|Mixed Platforms.ActiveCfg = Release|Any CPU
		{1AD30BE7-7F29-4509-ADCF-17D02E2C8E3A}.Release|Mixed Platforms.Build.0 = Release|Any CPU
		{1AD30BE7-7F29-4509-ADCF-17D02E2C8E3A}.Release|x86.ActiveCfg = Release|Any CPU
		{933E5FA7-73F7-4CCE-8B8C-D94EFDAB8B85}.Debug|Any CPU.ActiveCfg = Debug|Any CPU
		{933E5FA7-73F7-4CCE-8B8C-D94EFDAB8B85}.Debug|Any CPU.Build.0 = Debug|Any CPU
		{933E5FA7-73F7-4CCE-8B8C-D94EFDAB8B85}.Debug|Mixed Platforms.ActiveCfg = Debug|Any CPU
		{933E5FA7-73F7-4CCE-8B8C-D94EFDAB8B85}.Debug|Mixed Platforms.Build.0 = Debug|Any CPU
		{933E5FA7-73F7-4CCE-8B8C-D94EFDAB8B85}.Debug|x86.ActiveCfg = Debug|Any CPU
		{933E5FA7-73F7-4CCE-8B8C-D94EFDAB8B85}.Release|Any CPU.ActiveCfg = Release|Any CPU
		{933E5FA7-73F7-4CCE-8B8C-D94EFDAB8B85}.Release|Any CPU.Build.0 = Release|Any CPU
		{933E5FA7-73F7-4CCE-8B8C-D94EFDAB8B85}.Release|Mixed Platforms.ActiveCfg = Release|Any CPU
		{933E5FA7-73F7-4CCE-8B8C-D94EFDAB8B85}.Release|Mixed Platforms.Build.0 = Release|Any CPU
		{933E5FA7-73F7-4CCE-8B8C-D94EFDAB8B85}.Release|x86.ActiveCfg = Release|Any CPU
		{290AC7F6-3F12-4904-8229-D5F6E468293F}.Debug|Any CPU.ActiveCfg = Debug|Any CPU
		{290AC7F6-3F12-4904-8229-D5F6E468293F}.Debug|Any CPU.Build.0 = Debug|Any CPU
		{290AC7F6-3F12-4904-8229-D5F6E468293F}.Debug|Mixed Platforms.ActiveCfg = Debug|Any CPU
		{290AC7F6-3F12-4904-8229-D5F6E468293F}.Debug|Mixed Platforms.Build.0 = Debug|Any CPU
		{290AC7F6-3F12-4904-8229-D5F6E468293F}.Debug|x86.ActiveCfg = Debug|Any CPU
		{290AC7F6-3F12-4904-8229-D5F6E468293F}.Release|Any CPU.ActiveCfg = Release|Any CPU
		{290AC7F6-3F12-4904-8229-D5F6E468293F}.Release|Any CPU.Build.0 = Release|Any CPU
		{290AC7F6-3F12-4904-8229-D5F6E468293F}.Release|Mixed Platforms.ActiveCfg = Release|Any CPU
		{290AC7F6-3F12-4904-8229-D5F6E468293F}.Release|Mixed Platforms.Build.0 = Release|Any CPU
		{290AC7F6-3F12-4904-8229-D5F6E468293F}.Release|x86.ActiveCfg = Release|Any CPU
		{D1041F00-F3F0-4643-A93F-BBAC8AB18559}.Debug|Any CPU.ActiveCfg = Debug|Any CPU
		{D1041F00-F3F0-4643-A93F-BBAC8AB18559}.Debug|Any CPU.Build.0 = Debug|Any CPU
		{D1041F00-F3F0-4643-A93F-BBAC8AB18559}.Debug|Mixed Platforms.ActiveCfg = Debug|Any CPU
		{D1041F00-F3F0-4643-A93F-BBAC8AB18559}.Debug|Mixed Platforms.Build.0 = Debug|Any CPU
		{D1041F00-F3F0-4643-A93F-BBAC8AB18559}.Debug|x86.ActiveCfg = Debug|Any CPU
		{D1041F00-F3F0-4643-A93F-BBAC8AB18559}.Release|Any CPU.ActiveCfg = Release|Any CPU
		{D1041F00-F3F0-4643-A93F-BBAC8AB18559}.Release|Any CPU.Build.0 = Release|Any CPU
		{D1041F00-F3F0-4643-A93F-BBAC8AB18559}.Release|Mixed Platforms.ActiveCfg = Release|Any CPU
		{D1041F00-F3F0-4643-A93F-BBAC8AB18559}.Release|Mixed Platforms.Build.0 = Release|Any CPU
		{D1041F00-F3F0-4643-A93F-BBAC8AB18559}.Release|x86.ActiveCfg = Release|Any CPU
		{DDAC3BF2-DC01-4986-8A27-4642DB4E1152}.Debug|Any CPU.ActiveCfg = Debug|x86
		{DDAC3BF2-DC01-4986-8A27-4642DB4E1152}.Debug|Mixed Platforms.ActiveCfg = Debug|x86
		{DDAC3BF2-DC01-4986-8A27-4642DB4E1152}.Debug|Mixed Platforms.Build.0 = Debug|x86
		{DDAC3BF2-DC01-4986-8A27-4642DB4E1152}.Debug|x86.ActiveCfg = Debug|x86
		{DDAC3BF2-DC01-4986-8A27-4642DB4E1152}.Debug|x86.Build.0 = Debug|x86
		{DDAC3BF2-DC01-4986-8A27-4642DB4E1152}.Release|Any CPU.ActiveCfg = Release|x86
		{DDAC3BF2-DC01-4986-8A27-4642DB4E1152}.Release|Mixed Platforms.ActiveCfg = Release|x86
		{DDAC3BF2-DC01-4986-8A27-4642DB4E1152}.Release|Mixed Platforms.Build.0 = Release|x86
		{DDAC3BF2-DC01-4986-8A27-4642DB4E1152}.Release|x86.ActiveCfg = Release|x86
		{DDAC3BF2-DC01-4986-8A27-4642DB4E1152}.Release|x86.Build.0 = Release|x86
		{2E79CFB4-7D47-4BE4-B9F3-C0E7A58FA1D8}.Debug|Any CPU.ActiveCfg = Debug|Any CPU
		{2E79CFB4-7D47-4BE4-B9F3-C0E7A58FA1D8}.Debug|Any CPU.Build.0 = Debug|Any CPU
		{2E79CFB4-7D47-4BE4-B9F3-C0E7A58FA1D8}.Debug|Mixed Platforms.ActiveCfg = Debug|Any CPU
		{2E79CFB4-7D47-4BE4-B9F3-C0E7A58FA1D8}.Debug|Mixed Platforms.Build.0 = Debug|Any CPU
		{2E79CFB4-7D47-4BE4-B9F3-C0E7A58FA1D8}.Debug|x86.ActiveCfg = Debug|Any CPU
		{2E79CFB4-7D47-4BE4-B9F3-C0E7A58FA1D8}.Release|Any CPU.ActiveCfg = Release|Any CPU
		{2E79CFB4-7D47-4BE4-B9F3-C0E7A58FA1D8}.Release|Any CPU.Build.0 = Release|Any CPU
		{2E79CFB4-7D47-4BE4-B9F3-C0E7A58FA1D8}.Release|Mixed Platforms.ActiveCfg = Release|Any CPU
		{2E79CFB4-7D47-4BE4-B9F3-C0E7A58FA1D8}.Release|Mixed Platforms.Build.0 = Release|Any CPU
		{2E79CFB4-7D47-4BE4-B9F3-C0E7A58FA1D8}.Release|x86.ActiveCfg = Release|Any CPU
		{5FF5A015-0DBD-45A1-B37D-99C822953F75}.Debug|Any CPU.ActiveCfg = Debug|Any CPU
		{5FF5A015-0DBD-45A1-B37D-99C822953F75}.Debug|Any CPU.Build.0 = Debug|Any CPU
		{5FF5A015-0DBD-45A1-B37D-99C822953F75}.Debug|Mixed Platforms.ActiveCfg = Debug|Any CPU
		{5FF5A015-0DBD-45A1-B37D-99C822953F75}.Debug|Mixed Platforms.Build.0 = Debug|Any CPU
		{5FF5A015-0DBD-45A1-B37D-99C822953F75}.Debug|x86.ActiveCfg = Debug|Any CPU
		{5FF5A015-0DBD-45A1-B37D-99C822953F75}.Release|Any CPU.ActiveCfg = Release|Any CPU
		{5FF5A015-0DBD-45A1-B37D-99C822953F75}.Release|Any CPU.Build.0 = Release|Any CPU
		{5FF5A015-0DBD-45A1-B37D-99C822953F75}.Release|Mixed Platforms.ActiveCfg = Release|Any CPU
		{5FF5A015-0DBD-45A1-B37D-99C822953F75}.Release|Mixed Platforms.Build.0 = Release|Any CPU
		{5FF5A015-0DBD-45A1-B37D-99C822953F75}.Release|x86.ActiveCfg = Release|Any CPU
		{392626D0-23F8-468E-AE31-8C7AE8BF904D}.Debug|Any CPU.ActiveCfg = Debug|Any CPU
		{392626D0-23F8-468E-AE31-8C7AE8BF904D}.Debug|Any CPU.Build.0 = Debug|Any CPU
		{392626D0-23F8-468E-AE31-8C7AE8BF904D}.Debug|Mixed Platforms.ActiveCfg = Debug|Any CPU
		{392626D0-23F8-468E-AE31-8C7AE8BF904D}.Debug|Mixed Platforms.Build.0 = Debug|Any CPU
		{392626D0-23F8-468E-AE31-8C7AE8BF904D}.Debug|x86.ActiveCfg = Debug|Any CPU
		{392626D0-23F8-468E-AE31-8C7AE8BF904D}.Release|Any CPU.ActiveCfg = Release|Any CPU
		{392626D0-23F8-468E-AE31-8C7AE8BF904D}.Release|Any CPU.Build.0 = Release|Any CPU
		{392626D0-23F8-468E-AE31-8C7AE8BF904D}.Release|Mixed Platforms.ActiveCfg = Release|Any CPU
		{392626D0-23F8-468E-AE31-8C7AE8BF904D}.Release|Mixed Platforms.Build.0 = Release|Any CPU
		{392626D0-23F8-468E-AE31-8C7AE8BF904D}.Release|x86.ActiveCfg = Release|Any CPU
		{C0F355FC-B779-4825-86F3-036E0408741A}.Debug|Any CPU.ActiveCfg = Debug|Any CPU
		{C0F355FC-B779-4825-86F3-036E0408741A}.Debug|Any CPU.Build.0 = Debug|Any CPU
		{C0F355FC-B779-4825-86F3-036E0408741A}.Debug|Mixed Platforms.ActiveCfg = Debug|Any CPU
		{C0F355FC-B779-4825-86F3-036E0408741A}.Debug|Mixed Platforms.Build.0 = Debug|Any CPU
		{C0F355FC-B779-4825-86F3-036E0408741A}.Debug|x86.ActiveCfg = Debug|Any CPU
		{C0F355FC-B779-4825-86F3-036E0408741A}.Release|Any CPU.ActiveCfg = Release|Any CPU
		{C0F355FC-B779-4825-86F3-036E0408741A}.Release|Any CPU.Build.0 = Release|Any CPU
		{C0F355FC-B779-4825-86F3-036E0408741A}.Release|Mixed Platforms.ActiveCfg = Release|Any CPU
		{C0F355FC-B779-4825-86F3-036E0408741A}.Release|Mixed Platforms.Build.0 = Release|Any CPU
		{C0F355FC-B779-4825-86F3-036E0408741A}.Release|x86.ActiveCfg = Release|Any CPU
	EndGlobalSection
	GlobalSection(SolutionProperties) = preSolution
		HideSolutionNode = FALSE
	EndGlobalSection
	GlobalSection(NestedProjects) = preSolution
		{F8934280-CD17-4FE6-8609-4AED63371906} = {9A0F94EB-224E-48FC-8019-D484C38C6934}
		{4ADE0211-E569-4EE3-8F0D-59D137B922C2} = {9A0F94EB-224E-48FC-8019-D484C38C6934}
		{5D4A76F8-5898-41E0-B07F-4A49B61FF4D1} = {9A0F94EB-224E-48FC-8019-D484C38C6934}
		{E081E669-B8B0-4B24-BD13-0F64F556AD05} = {9A0F94EB-224E-48FC-8019-D484C38C6934}
		{91A900FE-40FF-4F78-B82E-801035EEC96D} = {9A0F94EB-224E-48FC-8019-D484C38C6934}
		{7F652674-F6C7-449D-8AEF-CD5049877046} = {9A0F94EB-224E-48FC-8019-D484C38C6934}
		{DDAC3BF2-DC01-4986-8A27-4642DB4E1152} = {131D299F-93FA-47E4-8A7C-EC7F7761C565}
		{5FF5A015-0DBD-45A1-B37D-99C822953F75} = {131D299F-93FA-47E4-8A7C-EC7F7761C565}
		{392626D0-23F8-468E-AE31-8C7AE8BF904D} = {131D299F-93FA-47E4-8A7C-EC7F7761C565}
		{C0F355FC-B779-4825-86F3-036E0408741A} = {131D299F-93FA-47E4-8A7C-EC7F7761C565}
		{9FA1B8E6-816E-4171-B1C5-9EB7EED06CFF} = {F8934280-CD17-4FE6-8609-4AED63371906}
		{7D0F7C6C-AF63-410B-8656-C8ED56D99F8F} = {F8934280-CD17-4FE6-8609-4AED63371906}
		{7D71DCC0-6EC9-489B-9C54-A605F755CE85} = {F8934280-CD17-4FE6-8609-4AED63371906}
		{41F72FB7-B9C3-4D84-BBB7-F0BD3D13AABA} = {F8934280-CD17-4FE6-8609-4AED63371906}
		{3882CDD7-B25E-4DAA-BB7E-0185F06E2022} = {F8934280-CD17-4FE6-8609-4AED63371906}
		{1AD30BE7-7F29-4509-ADCF-17D02E2C8E3A} = {4ADE0211-E569-4EE3-8F0D-59D137B922C2}
		{933E5FA7-73F7-4CCE-8B8C-D94EFDAB8B85} = {5D4A76F8-5898-41E0-B07F-4A49B61FF4D1}
		{290AC7F6-3F12-4904-8229-D5F6E468293F} = {E081E669-B8B0-4B24-BD13-0F64F556AD05}
		{D1041F00-F3F0-4643-A93F-BBAC8AB18559} = {91A900FE-40FF-4F78-B82E-801035EEC96D}
		{2E79CFB4-7D47-4BE4-B9F3-C0E7A58FA1D8} = {7F652674-F6C7-449D-8AEF-CD5049877046}
	EndGlobalSection
EndGlobal
